
Microsoft Visual Studio Solution File, Format Version 12.00
# Visual Studio Version 17
VisualStudioVersion = 17.0.31903.59
MinimumVisualStudioVersion = 10.0.40219.1
Project("{2150E333-8FDC-42A3-9474-1A3956D46DE8}") = "src", "src", "{9AD7AC3D-8992-4766-A8D8-299EAE9D6362}"
EndProject
Project("{2150E333-8FDC-42A3-9474-1A3956D46DE8}") = "Core", "Core", "{C6BA057A-B772-4C30-80C6-9C27AB887F4E}"
EndProject
Project("{2150E333-8FDC-42A3-9474-1A3956D46DE8}") = "Infrastructure", "Infrastructure", "{ADC7E6E1-B04B-4E64-A0CB-85AF397BA459}"
EndProject
Project("{2150E333-8FDC-42A3-9474-1A3956D46DE8}") = "API", "API", "{20635B74-00D4-4703-AAE3-1B654F7F365E}"
EndProject
Project("{FAE04EC0-301F-11D3-BF4B-00C04F79EFBC}") = "HRLeaveManagement.Domain", "HRLeaveManagement.Domain\HRLeaveManagement.Domain.csproj", "{BEBC8A5E-EDF5-4A71-BCBD-AB01010401A0}"
EndProject
Project("{FAE04EC0-301F-11D3-BF4B-00C04F79EFBC}") = "HRLeaveManagement.Application", "HRLeaveManagement.Application\HRLeaveManagement.Application.csproj", "{90F4E84E-FC4F-40FC-85B8-8EAD71224ACE}"
EndProject
Project("{FAE04EC0-301F-11D3-BF4B-00C04F79EFBC}") = "HRLeaveManagement.Persistence", "HRLeaveManagement.Persistence\HRLeaveManagement.Persistence.csproj", "{82716653-CC47-45C3-9A8C-D9993CB3998D}"
EndProject
Project("{FAE04EC0-301F-11D3-BF4B-00C04F79EFBC}") = "HRLeaveManagement.Infrastructure", "HRLeaveManagement.Infrastructure\HRLeaveManagement.Infrastructure.csproj", "{8BFA3F95-D544-4280-B633-A3EE18B0050E}"
EndProject
Project("{FAE04EC0-301F-11D3-BF4B-00C04F79EFBC}") = "HRLeaveManagement.API", "HRLeaveManagement.API\HRLeaveManagement.API.csproj", "{1FD58274-C77E-47A7-BEF5-11DBA1B78E2C}"
EndProject
Project("{FAE04EC0-301F-11D3-BF4B-00C04F79EFBC}") = "HRLeaveManagement.Application.UnitTests", "HRLeaveManagement.Application.UnitTests\HRLeaveManagement.Application.UnitTests.csproj", "{46224819-CD8E-4BEA-9FBA-FCAF303A381B}"
EndProject
Project("{2150E333-8FDC-42A3-9474-1A3956D46DE8}") = "test", "test", "{F634074B-AD02-448C-B200-E32A7F2303B5}"
EndProject
Project("{FAE04EC0-301F-11D3-BF4B-00C04F79EFBC}") = "HRLeaveManagement.Persistence.IntegrationTests", "HRLeaveManagement.Persistence.IntegrationTests\HRLeaveManagement.Persistence.IntegrationTests.csproj", "{AE4C90CC-5D2C-4598-AF2A-47AA23A9AB20}"
EndProject
Project("{FAE04EC0-301F-11D3-BF4B-00C04F79EFBC}") = "HRLeaveManagement.Identity", "HRLeaveManagement.Identity\HRLeaveManagement.Identity.csproj", "{3FEDBB93-567A-41B6-9614-0B67804A0A68}"
EndProject
Global
	GlobalSection(SolutionConfigurationPlatforms) = preSolution
		Debug|Any CPU = Debug|Any CPU
		Release|Any CPU = Release|Any CPU
	EndGlobalSection
	GlobalSection(SolutionProperties) = preSolution
		HideSolutionNode = FALSE
	EndGlobalSection
	GlobalSection(NestedProjects) = preSolution
		{AE4C90CC-5D2C-4598-AF2A-47AA23A9AB20} = {F634074B-AD02-448C-B200-E32A7F2303B5}
		{46224819-CD8E-4BEA-9FBA-FCAF303A381B} = {F634074B-AD02-448C-B200-E32A7F2303B5}
		{1FD58274-C77E-47A7-BEF5-11DBA1B78E2C} = {20635B74-00D4-4703-AAE3-1B654F7F365E}
		{8BFA3F95-D544-4280-B633-A3EE18B0050E} = {ADC7E6E1-B04B-4E64-A0CB-85AF397BA459}
		{82716653-CC47-45C3-9A8C-D9993CB3998D} = {ADC7E6E1-B04B-4E64-A0CB-85AF397BA459}
		{90F4E84E-FC4F-40FC-85B8-8EAD71224ACE} = {C6BA057A-B772-4C30-80C6-9C27AB887F4E}
		{BEBC8A5E-EDF5-4A71-BCBD-AB01010401A0} = {C6BA057A-B772-4C30-80C6-9C27AB887F4E}
		{20635B74-00D4-4703-AAE3-1B654F7F365E} = {9AD7AC3D-8992-4766-A8D8-299EAE9D6362}
		{ADC7E6E1-B04B-4E64-A0CB-85AF397BA459} = {9AD7AC3D-8992-4766-A8D8-299EAE9D6362}
		{C6BA057A-B772-4C30-80C6-9C27AB887F4E} = {9AD7AC3D-8992-4766-A8D8-299EAE9D6362}
		{3FEDBB93-567A-41B6-9614-0B67804A0A68} = {ADC7E6E1-B04B-4E64-A0CB-85AF397BA459}
	EndGlobalSection
	GlobalSection(ProjectConfigurationPlatforms) = postSolution
		{BEBC8A5E-EDF5-4A71-BCBD-AB01010401A0}.Debug|Any CPU.ActiveCfg = Debug|Any CPU
		{BEBC8A5E-EDF5-4A71-BCBD-AB01010401A0}.Debug|Any CPU.Build.0 = Debug|Any CPU
		{BEBC8A5E-EDF5-4A71-BCBD-AB01010401A0}.Release|Any CPU.ActiveCfg = Release|Any CPU
		{BEBC8A5E-EDF5-4A71-BCBD-AB01010401A0}.Release|Any CPU.Build.0 = Release|Any CPU
		{90F4E84E-FC4F-40FC-85B8-8EAD71224ACE}.Debug|Any CPU.ActiveCfg = Debug|Any CPU
		{90F4E84E-FC4F-40FC-85B8-8EAD71224ACE}.Debug|Any CPU.Build.0 = Debug|Any CPU
		{90F4E84E-FC4F-40FC-85B8-8EAD71224ACE}.Release|Any CPU.ActiveCfg = Release|Any CPU
		{90F4E84E-FC4F-40FC-85B8-8EAD71224ACE}.Release|Any CPU.Build.0 = Release|Any CPU
		{82716653-CC47-45C3-9A8C-D9993CB3998D}.Debug|Any CPU.ActiveCfg = Debug|Any CPU
		{82716653-CC47-45C3-9A8C-D9993CB3998D}.Debug|Any CPU.Build.0 = Debug|Any CPU
		{82716653-CC47-45C3-9A8C-D9993CB3998D}.Release|Any CPU.ActiveCfg = Release|Any CPU
		{82716653-CC47-45C3-9A8C-D9993CB3998D}.Release|Any CPU.Build.0 = Release|Any CPU
		{8BFA3F95-D544-4280-B633-A3EE18B0050E}.Debug|Any CPU.ActiveCfg = Debug|Any CPU
		{8BFA3F95-D544-4280-B633-A3EE18B0050E}.Debug|Any CPU.Build.0 = Debug|Any CPU
		{8BFA3F95-D544-4280-B633-A3EE18B0050E}.Release|Any CPU.ActiveCfg = Release|Any CPU
		{8BFA3F95-D544-4280-B633-A3EE18B0050E}.Release|Any CPU.Build.0 = Release|Any CPU
		{1FD58274-C77E-47A7-BEF5-11DBA1B78E2C}.Debug|Any CPU.ActiveCfg = Debug|Any CPU
		{1FD58274-C77E-47A7-BEF5-11DBA1B78E2C}.Debug|Any CPU.Build.0 = Debug|Any CPU
		{1FD58274-C77E-47A7-BEF5-11DBA1B78E2C}.Release|Any CPU.ActiveCfg = Release|Any CPU
		{1FD58274-C77E-47A7-BEF5-11DBA1B78E2C}.Release|Any CPU.Build.0 = Release|Any CPU
		{46224819-CD8E-4BEA-9FBA-FCAF303A381B}.Debug|Any CPU.ActiveCfg = Debug|Any CPU
		{46224819-CD8E-4BEA-9FBA-FCAF303A381B}.Debug|Any CPU.Build.0 = Debug|Any CPU
		{46224819-CD8E-4BEA-9FBA-FCAF303A381B}.Release|Any CPU.ActiveCfg = Release|Any CPU
		{46224819-CD8E-4BEA-9FBA-FCAF303A381B}.Release|Any CPU.Build.0 = Release|Any CPU
		{AE4C90CC-5D2C-4598-AF2A-47AA23A9AB20}.Debug|Any CPU.ActiveCfg = Debug|Any CPU
		{AE4C90CC-5D2C-4598-AF2A-47AA23A9AB20}.Debug|Any CPU.Build.0 = Debug|Any CPU
		{AE4C90CC-5D2C-4598-AF2A-47AA23A9AB20}.Release|Any CPU.ActiveCfg = Release|Any CPU
		{AE4C90CC-5D2C-4598-AF2A-47AA23A9AB20}.Release|Any CPU.Build.0 = Release|Any CPU
		{3FEDBB93-567A-41B6-9614-0B67804A0A68}.Debug|Any CPU.ActiveCfg = Debug|Any CPU
		{3FEDBB93-567A-41B6-9614-0B67804A0A68}.Debug|Any CPU.Build.0 = Debug|Any CPU
		{3FEDBB93-567A-41B6-9614-0B67804A0A68}.Release|Any CPU.ActiveCfg = Release|Any CPU
		{3FEDBB93-567A-41B6-9614-0B67804A0A68}.Release|Any CPU.Build.0 = Release|Any CPU
	EndGlobalSection
EndGlobal
